// !$*UTF8*$!
{
	archiveVersion = 1;
	classes = {
	};
	objectVersion = 46;
	objects = {

/* Begin PBXBuildFile section */
		55E905BC1B90ED5900E3653A /* main.m in Sources */ = {isa = PBXBuildFile; fileRef = 55E905BB1B90ED5900E3653A /* main.m */; };
		55E905BF1B90ED5900E3653A /* AppDelegate.m in Sources */ = {isa = PBXBuildFile; fileRef = 55E905BE1B90ED5900E3653A /* AppDelegate.m */; };
		55E905C21B90ED5900E3653A /* ViewController.m in Sources */ = {isa = PBXBuildFile; fileRef = 55E905C11B90ED5900E3653A /* ViewController.m */; };
		55E905C51B90ED5900E3653A /* Main.storyboard in Resources */ = {isa = PBXBuildFile; fileRef = 55E905C31B90ED5900E3653A /* Main.storyboard */; };
		55E905C71B90ED5900E3653A /* Assets.xcassets in Resources */ = {isa = PBXBuildFile; fileRef = 55E905C61B90ED5900E3653A /* Assets.xcassets */; };
		55E905CA1B90ED5900E3653A /* LaunchScreen.storyboard in Resources */ = {isa = PBXBuildFile; fileRef = 55E905C81B90ED5900E3653A /* LaunchScreen.storyboard */; };
		55E905D31B90F13900E3653A /* AsyncSocket.m in Sources */ = {isa = PBXBuildFile; fileRef = 55E905D21B90F13900E3653A /* AsyncSocket.m */; };
/* End PBXBuildFile section */

/* Begin PBXFileReference section */
		55E905B71B90ED5900E3653A /* TAC_DM_TestClient.app */ = {isa = PBXFileReference; explicitFileType = wrapper.application; includeInIndex = 0; path = TAC_DM_TestClient.app; sourceTree = BUILT_PRODUCTS_DIR; };
		55E905BB1B90ED5900E3653A /* main.m */ = {isa = PBXFileReference; lastKnownFileType = sourcecode.c.objc; path = main.m; sourceTree = "<group>"; };
		55E905BD1B90ED5900E3653A /* AppDelegate.h */ = {isa = PBXFileReference; lastKnownFileType = sourcecode.c.h; path = AppDelegate.h; sourceTree = "<group>"; };
		55E905BE1B90ED5900E3653A /* AppDelegate.m */ = {isa = PBXFileReference; lastKnownFileType = sourcecode.c.objc; path = AppDelegate.m; sourceTree = "<group>"; };
		55E905C01B90ED5900E3653A /* ViewController.h */ = {isa = PBXFileReference; lastKnownFileType = sourcecode.c.h; path = ViewController.h; sourceTree = "<group>"; };
		55E905C11B90ED5900E3653A /* ViewController.m */ = {isa = PBXFileReference; lastKnownFileType = sourcecode.c.objc; path = ViewController.m; sourceTree = "<group>"; };
		55E905C41B90ED5900E3653A /* Base */ = {isa = PBXFileReference; lastKnownFileType = file.storyboard; name = Base; path = Base.lproj/Main.storyboard; sourceTree = "<group>"; };
		55E905C61B90ED5900E3653A /* Assets.xcassets */ = {isa = PBXFileReference; lastKnownFileType = folder.assetcatalog; path = Assets.xcassets; sourceTree = "<group>"; };
		55E905C91B90ED5900E3653A /* Base */ = {isa = PBXFileReference; lastKnownFileType = file.storyboard; name = Base; path = Base.lproj/LaunchScreen.storyboard; sourceTree = "<group>"; };
		55E905CB1B90ED5900E3653A /* Info.plist */ = {isa = PBXFileReference; lastKnownFileType = text.plist.xml; path = Info.plist; sourceTree = "<group>"; };
		55E905D11B90F13900E3653A /* AsyncSocket.h */ = {isa = PBXFileReference; fileEncoding = 4; lastKnownFileType = sourcecode.c.h; name = AsyncSocket.h; path = Lib/AsyncSocket.h; sourceTree = "<group>"; };
		55E905D21B90F13900E3653A /* AsyncSocket.m */ = {isa = PBXFileReference; fileEncoding = 4; lastKnownFileType = sourcecode.c.objc; name = AsyncSocket.m; path = Lib/AsyncSocket.m; sourceTree = "<group>"; };
/* End PBXFileReference section */

/* Begin PBXFrameworksBuildPhase section */
		55E905B41B90ED5900E3653A /* Frameworks */ = {
			isa = PBXFrameworksBuildPhase;
			buildActionMask = 2147483647;
			files = (
			);
			runOnlyForDeploymentPostprocessing = 0;
		};
/* End PBXFrameworksBuildPhase section */

/* Begin PBXGroup section */
		55E905AE1B90ED5900E3653A = {
			isa = PBXGroup;
			children = (
				55E905B91B90ED5900E3653A /* TAC_DM_TestClient */,
				55E905B81B90ED5900E3653A /* Products */,
			);
			sourceTree = "<group>";
		};
		55E905B81B90ED5900E3653A /* Products */ = {
			isa = PBXGroup;
			children = (
				55E905B71B90ED5900E3653A /* TAC_DM_TestClient.app */,
			);
			name = Products;
			sourceTree = "<group>";
		};
		55E905B91B90ED5900E3653A /* TAC_DM_TestClient */ = {
			isa = PBXGroup;
			children = (
				55E905BD1B90ED5900E3653A /* AppDelegate.h */,
				55E905BE1B90ED5900E3653A /* AppDelegate.m */,
				55E905C01B90ED5900E3653A /* ViewController.h */,
				55E905C11B90ED5900E3653A /* ViewController.m */,
				55E905C31B90ED5900E3653A /* Main.storyboard */,
				55E905C61B90ED5900E3653A /* Assets.xcassets */,
				55E905C81B90ED5900E3653A /* LaunchScreen.storyboard */,
				55E905CB1B90ED5900E3653A /* Info.plist */,
				55E905BA1B90ED5900E3653A /* Supporting Files */,
			);
			path = TAC_DM_TestClient;
			sourceTree = "<group>";
		};
		55E905BA1B90ED5900E3653A /* Supporting Files */ = {
			isa = PBXGroup;
			children = (
				55E905D11B90F13900E3653A /* AsyncSocket.h */,
				55E905D21B90F13900E3653A /* AsyncSocket.m */,
				55E905BB1B90ED5900E3653A /* main.m */,
			);
			name = "Supporting Files";
			sourceTree = "<group>";
		};
/* End PBXGroup section */

/* Begin PBXNativeTarget section */
		55E905B61B90ED5900E3653A /* TAC_DM_TestClient */ = {
			isa = PBXNativeTarget;
			buildConfigurationList = 55E905CE1B90ED5900E3653A /* Build configuration list for PBXNativeTarget "TAC_DM_TestClient" */;
			buildPhases = (
				55E905B31B90ED5900E3653A /* Sources */,
				55E905B41B90ED5900E3653A /* Frameworks */,
				55E905B51B90ED5900E3653A /* Resources */,
			);
			buildRules = (
			);
			dependencies = (
			);
			name = TAC_DM_TestClient;
			productName = TAC_DM_TestClient;
			productReference = 55E905B71B90ED5900E3653A /* TAC_DM_TestClient.app */;
			productType = "com.apple.product-type.application";
		};
/* End PBXNativeTarget section */

/* Begin PBXProject section */
		55E905AF1B90ED5900E3653A /* Project object */ = {
			isa = PBXProject;
			attributes = {
				LastUpgradeCheck = 0700;
				ORGANIZATIONNAME = "王 泽宇";
				TargetAttributes = {
					55E905B61B90ED5900E3653A = {
						CreatedOnToolsVersion = 7.0;
					};
				};
			};
			buildConfigurationList = 55E905B21B90ED5900E3653A /* Build configuration list for PBXProject "TAC_DM_TestClient" */;
			compatibilityVersion = "Xcode 3.2";
			developmentRegion = English;
			hasScannedForEncodings = 0;
			knownRegions = (
				en,
				Base,
			);
			mainGroup = 55E905AE1B90ED5900E3653A;
			productRefGroup = 55E905B81B90ED5900E3653A /* Products */;
			projectDirPath = "";
			projectRoot = "";
			targets = (
				55E905B61B90ED5900E3653A /* TAC_DM_TestClient */,
			);
		};
/* End PBXProject section */

/* Begin PBXResourcesBuildPhase section */
		55E905B51B90ED5900E3653A /* Resources */ = {
			isa = PBXResourcesBuildPhase;
			buildActionMask = 2147483647;
			files = (
				55E905CA1B90ED5900E3653A /* LaunchScreen.storyboard in Resources */,
				55E905C71B90ED5900E3653A /* Assets.xcassets in Resources */,
				55E905C51B90ED5900E3653A /* Main.storyboard in Resources */,
			);
			runOnlyForDeploymentPostprocessing = 0;
		};
/* End PBXResourcesBuildPhase section */

/* Begin PBXSourcesBuildPhase section */
		55E905B31B90ED5900E3653A /* Sources */ = {
			isa = PBXSourcesBuildPhase;
			buildActionMask = 2147483647;
			files = (
				55E905C21B90ED5900E3653A /* ViewController.m in Sources */,
				55E905BF1B90ED5900E3653A /* AppDelegate.m in Sources */,
				55E905BC1B90ED5900E3653A /* main.m in Sources */,
				55E905D31B90F13900E3653A /* AsyncSocket.m in Sources */,
			);
			runOnlyForDeploymentPostprocessing = 0;
		};
/* End PBXSourcesBuildPhase section */

/* Begin PBXVariantGroup section */
		55E905C31B90ED5900E3653A /* Main.storyboard */ = {
			isa = PBXVariantGroup;
			children = (
				55E905C41B90ED5900E3653A /* Base */,
			);
			name = Main.storyboard;
			sourceTree = "<group>";
		};
		55E905C81B90ED5900E3653A /* LaunchScreen.storyboard */ = {
			isa = PBXVariantGroup;
			children = (
				55E905C91B90ED5900E3653A /* Base */,
			);
			name = LaunchScreen.storyboard;
			sourceTree = "<group>";
		};
/* End PBXVariantGroup section */

/* Begin XCBuildConfiguration section */
		55E905CC1B90ED5900E3653A /* Debug */ = {
			isa = XCBuildConfiguration;
			buildSettings = {
				ALWAYS_SEARCH_USER_PATHS = NO;
				CLANG_CXX_LANGUAGE_STANDARD = "gnu++0x";
				CLANG_CXX_LIBRARY = "libc++";
				CLANG_ENABLE_MODULES = YES;
				CLANG_ENABLE_OBJC_ARC = YES;
				CLANG_WARN_BOOL_CONVERSION = YES;
				CLANG_WARN_CONSTANT_CONVERSION = YES;
				CLANG_WARN_DIRECT_OBJC_ISA_USAGE = YES_ERROR;
				CLANG_WARN_EMPTY_BODY = YES;
				CLANG_WARN_ENUM_CONVERSION = YES;
				CLANG_WARN_INT_CONVERSION = YES;
				CLANG_WARN_OBJC_ROOT_CLASS = YES_ERROR;
				CLANG_WARN_UNREACHABLE_CODE = YES;
				CLANG_WARN__DUPLICATE_METHOD_MATCH = YES;
				"CODE_SIGN_IDENTITY[sdk=iphoneos*]" = "iPhone Developer";
				COPY_PHASE_STRIP = NO;
				DEBUG_INFORMATION_FORMAT = dwarf;
				ENABLE_STRICT_OBJC_MSGSEND = YES;
				ENABLE_TESTABILITY = YES;
				GCC_C_LANGUAGE_STANDARD = gnu99;
				GCC_DYNAMIC_NO_PIC = NO;
				GCC_NO_COMMON_BLOCKS = YES;
				GCC_OPTIMIZATION_LEVEL = 0;
				GCC_PREPROCESSOR_DEFINITIONS = (
					"DEBUG=1",
					"$(inherited)",
				);
				GCC_WARN_64_TO_32_BIT_CONVERSION = YES;
				GCC_WARN_ABOUT_RETURN_TYPE = YES_ERROR;
				GCC_WARN_UNDECLARED_SELECTOR = YES;
				GCC_WARN_UNINITIALIZED_AUTOS = YES_AGGRESSIVE;
				GCC_WARN_UNUSED_FUNCTION = YES;
				GCC_WARN_UNUSED_VARIABLE = YES;
				IPHONEOS_DEPLOYMENT_TARGET = 9.0;
				MTL_ENABLE_DEBUG_INFO = YES;
				ONLY_ACTIVE_ARCH = YES;
				SDKROOT = iphoneos;
			};
			name = Debug;
		};
		55E905CD1B90ED5900E3653A /* Release */ = {
			isa = XCBuildConfiguration;
			buildSettings = {
				ALWAYS_SEARCH_USER_PATHS = NO;
				CLANG_CXX_LANGUAGE_STANDARD = "gnu++0x";
				CLANG_CXX_LIBRARY = "libc++";
				CLANG_ENABLE_MODULES = YES;
				CLANG_ENABLE_OBJC_ARC = YES;
				CLANG_WARN_BOOL_CONVERSION = YES;
				CLANG_WARN_CONSTANT_CONVERSION = YES;
				CLANG_WARN_DIRECT_OBJC_ISA_USAGE = YES_ERROR;
				CLANG_WARN_EMPTY_BODY = YES;
				CLANG_WARN_ENUM_CONVERSION = YES;
				CLANG_WARN_INT_CONVERSION = YES;
				CLANG_WARN_OBJC_ROOT_CLASS = YES_ERROR;
				CLANG_WARN_UNREACHABLE_CODE = YES;
				CLANG_WARN__DUPLICATE_METHOD_MATCH = YES;
				"CODE_SIGN_IDENTITY[sdk=iphoneos*]" = "iPhone Developer";
				COPY_PHASE_STRIP = NO;
				DEBUG_INFORMATION_FORMAT = "dwarf-with-dsym";
				ENABLE_NS_ASSERTIONS = NO;
				ENABLE_STRICT_OBJC_MSGSEND = YES;
				GCC_C_LANGUAGE_STANDARD = gnu99;
				GCC_NO_COMMON_BLOCKS = YES;
				GCC_WARN_64_TO_32_BIT_CONVERSION = YES;
				GCC_WARN_ABOUT_RETURN_TYPE = YES_ERROR;
				GCC_WARN_UNDECLARED_SELECTOR = YES;
				GCC_WARN_UNINITIALIZED_AUTOS = YES_AGGRESSIVE;
				GCC_WARN_UNUSED_FUNCTION = YES;
				GCC_WARN_UNUSED_VARIABLE = YES;
				IPHONEOS_DEPLOYMENT_TARGET = 9.0;
				MTL_ENABLE_DEBUG_INFO = NO;
				SDKROOT = iphoneos;
				VALIDATE_PRODUCT = YES;
			};
			name = Release;
		};
		55E905CF1B90ED5900E3653A /* Debug */ = {
			isa = XCBuildConfiguration;
			buildSettings = {
				ASSETCATALOG_COMPILER_APPICON_NAME = AppIcon;
				INFOPLIST_FILE = TAC_DM_TestClient/Info.plist;
				LD_RUNPATH_SEARCH_PATHS = "$(inherited) @executable_path/Frameworks";
				PRODUCT_BUNDLE_IDENTIFIER = "TJSSEWzy.TAC-DM-TestClient";
				PRODUCT_NAME = "$(TARGET_NAME)";
			};
			name = Debug;
		};
		55E905D01B90ED5900E3653A /* Release */ = {
			isa = XCBuildConfiguration;
			buildSettings = {
				ASSETCATALOG_COMPILER_APPICON_NAME = AppIcon;
				INFOPLIST_FILE = TAC_DM_TestClient/Info.plist;
				LD_RUNPATH_SEARCH_PATHS = "$(inherited) @executable_path/Frameworks";
				PRODUCT_BUNDLE_IDENTIFIER = "TJSSEWzy.TAC-DM-TestClient";
				PRODUCT_NAME = "$(TARGET_NAME)";
			};
			name = Release;
		};
/* End XCBuildConfiguration section */

/* Begin XCConfigurationList section */
		55E905B21B90ED5900E3653A /* Build configuration list for PBXProject "TAC_DM_TestClient" */ = {
			isa = XCConfigurationList;
			buildConfigurations = (
				55E905CC1B90ED5900E3653A /* Debug */,
				55E905CD1B90ED5900E3653A /* Release */,
			);
			defaultConfigurationIsVisible = 0;
			defaultConfigurationName = Release;
		};
		55E905CE1B90ED5900E3653A /* Build configuration list for PBXNativeTarget "TAC_DM_TestClient" */ = {
			isa = XCConfigurationList;
			buildConfigurations = (
				55E905CF1B90ED5900E3653A /* Debug */,
				55E905D01B90ED5900E3653A /* Release */,
			);
			defaultConfigurationIsVisible = 0;
			defaultConfigurationName = Release;
		};
/* End XCConfigurationList section */
	};
	rootObject = 55E905AF1B90ED5900E3653A /* Project object */;
}
